
Microsoft Visual Studio Solution File, Format Version 12.00
# Visual Studio Version 16
VisualStudioVersion = 16.0.28714.193
MinimumVisualStudioVersion = 10.0.40219.1
Project("{9A19103F-16F7-4668-BE54-9A1E7A4F7556}") = "PTouch", "src\PTouch\PTouch.csproj", "{FCFBC313-697C-4022-86CC-59AD6F5DC872}"
EndProject
Project("{9A19103F-16F7-4668-BE54-9A1E7A4F7556}") = "Brother.Bpac", "src\Brother.Bpac\Brother.Bpac.csproj", "{BB9368FF-4AD5-44C1-BF0B-57259B4CBB67}"
EndProject
Global
	GlobalSection(SolutionConfigurationPlatforms) = preSolution
		Debug|Any CPU = Debug|Any CPU
		Release|Any CPU = Release|Any CPU
	EndGlobalSection
	GlobalSection(ProjectConfigurationPlatforms) = postSolution
		{FCFBC313-697C-4022-86CC-59AD6F5DC872}.Debug|Any CPU.ActiveCfg = Debug|Any CPU
		{FCFBC313-697C-4022-86CC-59AD6F5DC872}.Debug|Any CPU.Build.0 = Debug|Any CPU
		{FCFBC313-697C-4022-86CC-59AD6F5DC872}.Release|Any CPU.ActiveCfg = Release|Any CPU
		{FCFBC313-697C-4022-86CC-59AD6F5DC872}.Release|Any CPU.Build.0 = Release|Any CPU
		{BB9368FF-4AD5-44C1-BF0B-57259B4CBB67}.Debug|Any CPU.ActiveCfg = Debug|Any CPU
		{BB9368FF-4AD5-44C1-BF0B-57259B4CBB67}.Debug|Any CPU.Build.0 = Debug|Any CPU
		{BB9368FF-4AD5-44C1-BF0B-57259B4CBB67}.Release|Any CPU.ActiveCfg = Release|Any CPU
		{BB9368FF-4AD5-44C1-BF0B-57259B4CBB67}.Release|Any CPU.Build.0 = Release|Any CPU
	EndGlobalSection
	GlobalSection(SolutionProperties) = preSolution
		HideSolutionNode = FALSE
	EndGlobalSection
	GlobalSection(ExtensibilityGlobals) = postSolution
		SolutionGuid = {A0AEB26A-A1A6-441D-B1E2-65914CAF8799}
	EndGlobalSection
EndGlobal
